
Microsoft Visual Studio Solution File, Format Version 12.00
# Visual Studio Version 16
VisualStudioVersion = 16.0.31624.102
MinimumVisualStudioVersion = 10.0.40219.1
Project("{8BC9CEB8-8B4A-11D0-8D11-00A0C91BC942}") = "Lab_6.1", "Lab_6.1\Lab_6.1.vcxproj", "{FE5A1583-C00A-4851-98AE-4707ACD146EB}"
EndProject
Project("{8BC9CEB8-8B4A-11D0-8D11-00A0C91BC942}") = "UnitTest1", "UnitTest1\UnitTest1.vcxproj", "{352B17D2-2799-4ABB-8C44-0A3084DBB87B}"
EndProject
Global
	GlobalSection(SolutionConfigurationPlatforms) = preSolution
		Debug|x64 = Debug|x64
		Debug|x86 = Debug|x86
		Release|x64 = Release|x64
		Release|x86 = Release|x86
	EndGlobalSection
	GlobalSection(ProjectConfigurationPlatforms) = postSolution
		{FE5A1583-C00A-4851-98AE-4707ACD146EB}.Debug|x64.ActiveCfg = Debug|x64
		{FE5A1583-C00A-4851-98AE-4707ACD146EB}.Debug|x64.Build.0 = Debug|x64
		{FE5A1583-C00A-4851-98AE-4707ACD146EB}.Debug|x86.ActiveCfg = Debug|Win32
		{FE5A1583-C00A-4851-98AE-4707ACD146EB}.Debug|x86.Build.0 = Debug|Win32
		{FE5A1583-C00A-4851-98AE-4707ACD146EB}.Release|x64.ActiveCfg = Release|x64
		{FE5A1583-C00A-4851-98AE-4707ACD146EB}.Release|x64.Build.0 = Release|x64
		{FE5A1583-C00A-4851-98AE-4707ACD146EB}.Release|x86.ActiveCfg = Release|Win32
		{FE5A1583-C00A-4851-98AE-4707ACD146EB}.Release|x86.Build.0 = Release|Win32
		{352B17D2-2799-4ABB-8C44-0A3084DBB87B}.Debug|x64.ActiveCfg = Debug|x64
		{352B17D2-2799-4ABB-8C44-0A3084DBB87B}.Debug|x64.Build.0 = Debug|x64
		{352B17D2-2799-4ABB-8C44-0A3084DBB87B}.Debug|x86.ActiveCfg = Debug|Win32
		{352B17D2-2799-4ABB-8C44-0A3084DBB87B}.Debug|x86.Build.0 = Debug|Win32
		{352B17D2-2799-4ABB-8C44-0A3084DBB87B}.Release|x64.ActiveCfg = Release|x64
		{352B17D2-2799-4ABB-8C44-0A3084DBB87B}.Release|x64.Build.0 = Release|x64
		{352B17D2-2799-4ABB-8C44-0A3084DBB87B}.Release|x86.ActiveCfg = Release|Win32
		{352B17D2-2799-4ABB-8C44-0A3084DBB87B}.Release|x86.Build.0 = Release|Win32
	EndGlobalSection
	GlobalSection(SolutionProperties) = preSolution
		HideSolutionNode = FALSE
	EndGlobalSection
	GlobalSection(ExtensibilityGlobals) = postSolution
		SolutionGuid = {920F3A90-DA84-420A-8F3E-5B493A1641FE}
	EndGlobalSection
EndGlobal
