
Microsoft Visual Studio Solution File, Format Version 12.00
# Visual Studio Version 16
VisualStudioVersion = 16.0.31624.102
MinimumVisualStudioVersion = 10.0.40219.1
Project("{8BC9CEB8-8B4A-11D0-8D11-00A0C91BC942}") = "Lab3.1(A)", "Lab3.1\Lab3.1.vcxproj", "{A758FF3A-25CD-4800-ADC3-187195918A43}"
EndProject
Project("{8BC9CEB8-8B4A-11D0-8D11-00A0C91BC942}") = "UnitTest(A)", "UnitTest(A)\UnitTest(A).vcxproj", "{F22F5874-DF94-4E16-B93A-E39A97922007}"
EndProject
Global
	GlobalSection(SolutionConfigurationPlatforms) = preSolution
		Debug|x64 = Debug|x64
		Debug|x86 = Debug|x86
		Release|x64 = Release|x64
		Release|x86 = Release|x86
	EndGlobalSection
	GlobalSection(ProjectConfigurationPlatforms) = postSolution
		{A758FF3A-25CD-4800-ADC3-187195918A43}.Debug|x64.ActiveCfg = Debug|x64
		{A758FF3A-25CD-4800-ADC3-187195918A43}.Debug|x64.Build.0 = Debug|x64
		{A758FF3A-25CD-4800-ADC3-187195918A43}.Debug|x86.ActiveCfg = Debug|Win32
		{A758FF3A-25CD-4800-ADC3-187195918A43}.Debug|x86.Build.0 = Debug|Win32
		{A758FF3A-25CD-4800-ADC3-187195918A43}.Release|x64.ActiveCfg = Release|x64
		{A758FF3A-25CD-4800-ADC3-187195918A43}.Release|x64.Build.0 = Release|x64
		{A758FF3A-25CD-4800-ADC3-187195918A43}.Release|x86.ActiveCfg = Release|Win32
		{A758FF3A-25CD-4800-ADC3-187195918A43}.Release|x86.Build.0 = Release|Win32
		{F22F5874-DF94-4E16-B93A-E39A97922007}.Debug|x64.ActiveCfg = Debug|x64
		{F22F5874-DF94-4E16-B93A-E39A97922007}.Debug|x64.Build.0 = Debug|x64
		{F22F5874-DF94-4E16-B93A-E39A97922007}.Debug|x86.ActiveCfg = Debug|Win32
		{F22F5874-DF94-4E16-B93A-E39A97922007}.Debug|x86.Build.0 = Debug|Win32
		{F22F5874-DF94-4E16-B93A-E39A97922007}.Release|x64.ActiveCfg = Release|x64
		{F22F5874-DF94-4E16-B93A-E39A97922007}.Release|x64.Build.0 = Release|x64
		{F22F5874-DF94-4E16-B93A-E39A97922007}.Release|x86.ActiveCfg = Release|Win32
		{F22F5874-DF94-4E16-B93A-E39A97922007}.Release|x86.Build.0 = Release|Win32
	EndGlobalSection
	GlobalSection(SolutionProperties) = preSolution
		HideSolutionNode = FALSE
	EndGlobalSection
	GlobalSection(ExtensibilityGlobals) = postSolution
		SolutionGuid = {74E4EFB7-2D08-4190-A8FD-FF9E5230EBDE}
	EndGlobalSection
EndGlobal
